
Microsoft Visual Studio Solution File, Format Version 12.00
# Visual Studio Version 16
VisualStudioVersion = 16.0.31410.357
MinimumVisualStudioVersion = 10.0.40219.1
Project("{9A19103F-16F7-4668-BE54-9A1E7A4F7556}") = "简单工厂模式2", "简单工厂模式2\简单工厂模式2.csproj", "{95E2CFC2-B6C6-4459-BEF5-20CCF7565070}"
EndProject
Project("{FAE04EC0-301F-11D3-BF4B-00C04F79EFBC}") = "工厂方法模式", "工厂方法模式\工厂方法模式.csproj", "{DC38A372-9CFB-4EA5-BCB1-49F595005D6B}"
EndProject
Project("{FAE04EC0-301F-11D3-BF4B-00C04F79EFBC}") = "抽象工厂模式", "抽象工厂模式\抽象工厂模式.csproj", "{F200FF00-C404-4AFA-8177-D342FAD2E624}"
EndProject
Project("{FAE04EC0-301F-11D3-BF4B-00C04F79EFBC}") = "简单工厂模式来改造抽象工厂模式", "简单工厂模式来改造抽象工厂模式\简单工厂模式来改造抽象工厂模式.csproj", "{6587225E-9719-404E-B574-71262E6D59B8}"
EndProject
Project("{FAE04EC0-301F-11D3-BF4B-00C04F79EFBC}") = "通过反射继续改善工厂模式", "通过反射继续改善工厂模式\通过反射继续改善工厂模式.csproj", "{DA830E8C-8728-4DFF-8366-3C4DFC6AAB97}"
EndProject
Project("{FAE04EC0-301F-11D3-BF4B-00C04F79EFBC}") = "通过反射改善工厂模式最终版", "通过反射改善工厂模式最终版\通过反射改善工厂模式最终版.csproj", "{A23F0CB5-21B3-4CB2-8012-840E1E073B02}"
EndProject
Global
	GlobalSection(SolutionConfigurationPlatforms) = preSolution
		Debug|Any CPU = Debug|Any CPU
		Release|Any CPU = Release|Any CPU
	EndGlobalSection
	GlobalSection(ProjectConfigurationPlatforms) = postSolution
		{95E2CFC2-B6C6-4459-BEF5-20CCF7565070}.Debug|Any CPU.ActiveCfg = Debug|Any CPU
		{95E2CFC2-B6C6-4459-BEF5-20CCF7565070}.Debug|Any CPU.Build.0 = Debug|Any CPU
		{95E2CFC2-B6C6-4459-BEF5-20CCF7565070}.Release|Any CPU.ActiveCfg = Release|Any CPU
		{95E2CFC2-B6C6-4459-BEF5-20CCF7565070}.Release|Any CPU.Build.0 = Release|Any CPU
		{DC38A372-9CFB-4EA5-BCB1-49F595005D6B}.Debug|Any CPU.ActiveCfg = Debug|Any CPU
		{DC38A372-9CFB-4EA5-BCB1-49F595005D6B}.Debug|Any CPU.Build.0 = Debug|Any CPU
		{DC38A372-9CFB-4EA5-BCB1-49F595005D6B}.Release|Any CPU.ActiveCfg = Release|Any CPU
		{DC38A372-9CFB-4EA5-BCB1-49F595005D6B}.Release|Any CPU.Build.0 = Release|Any CPU
		{F200FF00-C404-4AFA-8177-D342FAD2E624}.Debug|Any CPU.ActiveCfg = Debug|Any CPU
		{F200FF00-C404-4AFA-8177-D342FAD2E624}.Debug|Any CPU.Build.0 = Debug|Any CPU
		{F200FF00-C404-4AFA-8177-D342FAD2E624}.Release|Any CPU.ActiveCfg = Release|Any CPU
		{F200FF00-C404-4AFA-8177-D342FAD2E624}.Release|Any CPU.Build.0 = Release|Any CPU
		{6587225E-9719-404E-B574-71262E6D59B8}.Debug|Any CPU.ActiveCfg = Debug|Any CPU
		{6587225E-9719-404E-B574-71262E6D59B8}.Debug|Any CPU.Build.0 = Debug|Any CPU
		{6587225E-9719-404E-B574-71262E6D59B8}.Release|Any CPU.ActiveCfg = Release|Any CPU
		{6587225E-9719-404E-B574-71262E6D59B8}.Release|Any CPU.Build.0 = Release|Any CPU
		{DA830E8C-8728-4DFF-8366-3C4DFC6AAB97}.Debug|Any CPU.ActiveCfg = Debug|Any CPU
		{DA830E8C-8728-4DFF-8366-3C4DFC6AAB97}.Debug|Any CPU.Build.0 = Debug|Any CPU
		{DA830E8C-8728-4DFF-8366-3C4DFC6AAB97}.Release|Any CPU.ActiveCfg = Release|Any CPU
		{DA830E8C-8728-4DFF-8366-3C4DFC6AAB97}.Release|Any CPU.Build.0 = Release|Any CPU
		{A23F0CB5-21B3-4CB2-8012-840E1E073B02}.Debug|Any CPU.ActiveCfg = Debug|Any CPU
		{A23F0CB5-21B3-4CB2-8012-840E1E073B02}.Debug|Any CPU.Build.0 = Debug|Any CPU
		{A23F0CB5-21B3-4CB2-8012-840E1E073B02}.Release|Any CPU.ActiveCfg = Release|Any CPU
		{A23F0CB5-21B3-4CB2-8012-840E1E073B02}.Release|Any CPU.Build.0 = Release|Any CPU
	EndGlobalSection
	GlobalSection(SolutionProperties) = preSolution
		HideSolutionNode = FALSE
	EndGlobalSection
	GlobalSection(ExtensibilityGlobals) = postSolution
		SolutionGuid = {88EE80FA-EA13-4E89-A387-0CEF59410234}
	EndGlobalSection
EndGlobal
